// !$*UTF8*$!
{
	archiveVersion = 1;
	classes = {
	};
	objectVersion = 48;
	objects = {

/* Begin PBXBuildFile section */
		3C965D3D206D672C009972E6 /* AppDelegate.m in Sources */ = {isa = PBXBuildFile; fileRef = 3C965D3C206D672C009972E6 /* AppDelegate.m */; };
		3C965D45206D672C009972E6 /* Assets.xcassets in Resources */ = {isa = PBXBuildFile; fileRef = 3C965D44206D672C009972E6 /* Assets.xcassets */; };
		3C965D48206D672C009972E6 /* LaunchScreen.storyboard in Resources */ = {isa = PBXBuildFile; fileRef = 3C965D46206D672C009972E6 /* LaunchScreen.storyboard */; };
		3C965D4B206D672C009972E6 /* main.m in Sources */ = {isa = PBXBuildFile; fileRef = 3C965D4A206D672C009972E6 /* main.m */; };
		3C965D5A206D68C0009972E6 /* MainViewController.m in Sources */ = {isa = PBXBuildFile; fileRef = 3C965D58206D68C0009972E6 /* MainViewController.m */; };
		3C965D5B206D68C0009972E6 /* MainViewController.xib in Resources */ = {isa = PBXBuildFile; fileRef = 3C965D59206D68C0009972E6 /* MainViewController.xib */; };
		3C965D5F206D6A83009972E6 /* Info.m in Sources */ = {isa = PBXBuildFile; fileRef = 3C965D5E206D6A83009972E6 /* Info.m */; };
		3C965D63206D6B84009972E6 /* FetchInfoHelper.m in Sources */ = {isa = PBXBuildFile; fileRef = 3C965D62206D6B84009972E6 /* FetchInfoHelper.m */; };
		FDD5DE41D8848C06E1A4B898 /* libPods-Fetch-Data-And-Show-In-Table.a in Frameworks */ = {isa = PBXBuildFile; fileRef = C2A01F7B4914725E92F79DD6 /* libPods-Fetch-Data-And-Show-In-Table.a */; };
/* End PBXBuildFile section */

/* Begin PBXFileReference section */
		3C965D38206D672C009972E6 /* Fetch-Data-And-Show-In-Table.app */ = {isa = PBXFileReference; explicitFileType = wrapper.application; includeInIndex = 0; path = "Fetch-Data-And-Show-In-Table.app"; sourceTree = BUILT_PRODUCTS_DIR; };
		3C965D3B206D672C009972E6 /* AppDelegate.h */ = {isa = PBXFileReference; lastKnownFileType = sourcecode.c.h; path = AppDelegate.h; sourceTree = "<group>"; };
		3C965D3C206D672C009972E6 /* AppDelegate.m */ = {isa = PBXFileReference; lastKnownFileType = sourcecode.c.objc; path = AppDelegate.m; sourceTree = "<group>"; };
		3C965D44206D672C009972E6 /* Assets.xcassets */ = {isa = PBXFileReference; lastKnownFileType = folder.assetcatalog; path = Assets.xcassets; sourceTree = "<group>"; };
		3C965D47206D672C009972E6 /* Base */ = {isa = PBXFileReference; lastKnownFileType = file.storyboard; name = Base; path = Base.lproj/LaunchScreen.storyboard; sourceTree = "<group>"; };
		3C965D49206D672C009972E6 /* Info.plist */ = {isa = PBXFileReference; lastKnownFileType = text.plist.xml; path = Info.plist; sourceTree = "<group>"; };
		3C965D4A206D672C009972E6 /* main.m */ = {isa = PBXFileReference; lastKnownFileType = sourcecode.c.objc; path = main.m; sourceTree = "<group>"; };
		3C965D57206D68C0009972E6 /* MainViewController.h */ = {isa = PBXFileReference; lastKnownFileType = sourcecode.c.h; path = MainViewController.h; sourceTree = "<group>"; };
		3C965D58206D68C0009972E6 /* MainViewController.m */ = {isa = PBXFileReference; lastKnownFileType = sourcecode.c.objc; path = MainViewController.m; sourceTree = "<group>"; };
		3C965D59206D68C0009972E6 /* MainViewController.xib */ = {isa = PBXFileReference; lastKnownFileType = file.xib; path = MainViewController.xib; sourceTree = "<group>"; };
		3C965D5D206D6A83009972E6 /* Info.h */ = {isa = PBXFileReference; lastKnownFileType = sourcecode.c.h; path = Info.h; sourceTree = "<group>"; };
		3C965D5E206D6A83009972E6 /* Info.m */ = {isa = PBXFileReference; lastKnownFileType = sourcecode.c.objc; path = Info.m; sourceTree = "<group>"; };
		3C965D61206D6B84009972E6 /* FetchInfoHelper.h */ = {isa = PBXFileReference; lastKnownFileType = sourcecode.c.h; path = FetchInfoHelper.h; sourceTree = "<group>"; };
		3C965D62206D6B84009972E6 /* FetchInfoHelper.m */ = {isa = PBXFileReference; lastKnownFileType = sourcecode.c.objc; path = FetchInfoHelper.m; sourceTree = "<group>"; };
		3C965D64206D6C04009972E6 /* Config.h */ = {isa = PBXFileReference; lastKnownFileType = sourcecode.c.h; path = Config.h; sourceTree = "<group>"; };
		763C318B3E092D0BD517D239 /* Pods-Fetch-Data-And-Show-In-Table.debug.xcconfig */ = {isa = PBXFileReference; includeInIndex = 1; lastKnownFileType = text.xcconfig; name = "Pods-Fetch-Data-And-Show-In-Table.debug.xcconfig"; path = "Pods/Target Support Files/Pods-Fetch-Data-And-Show-In-Table/Pods-Fetch-Data-And-Show-In-Table.debug.xcconfig"; sourceTree = "<group>"; };
		C2A01F7B4914725E92F79DD6 /* libPods-Fetch-Data-And-Show-In-Table.a */ = {isa = PBXFileReference; explicitFileType = archive.ar; includeInIndex = 0; path = "libPods-Fetch-Data-And-Show-In-Table.a"; sourceTree = BUILT_PRODUCTS_DIR; };
		F275E32990B33A7FCF5B217D /* Pods-Fetch-Data-And-Show-In-Table.release.xcconfig */ = {isa = PBXFileReference; includeInIndex = 1; lastKnownFileType = text.xcconfig; name = "Pods-Fetch-Data-And-Show-In-Table.release.xcconfig"; path = "Pods/Target Support Files/Pods-Fetch-Data-And-Show-In-Table/Pods-Fetch-Data-And-Show-In-Table.release.xcconfig"; sourceTree = "<group>"; };
/* End PBXFileReference section */

/* Begin PBXFrameworksBuildPhase section */
		3C965D35206D672B009972E6 /* Frameworks */ = {
			isa = PBXFrameworksBuildPhase;
			buildActionMask = 2147483647;
			files = (
				FDD5DE41D8848C06E1A4B898 /* libPods-Fetch-Data-And-Show-In-Table.a in Frameworks */,
			);
			runOnlyForDeploymentPostprocessing = 0;
		};
/* End PBXFrameworksBuildPhase section */

/* Begin PBXGroup section */
		0D3FAF120F0F4C4B6EE6D846 /* Frameworks */ = {
			isa = PBXGroup;
			children = (
				C2A01F7B4914725E92F79DD6 /* libPods-Fetch-Data-And-Show-In-Table.a */,
			);
			name = Frameworks;
			sourceTree = "<group>";
		};
		3C965D2F206D672B009972E6 = {
			isa = PBXGroup;
			children = (
				3C965D3A206D672C009972E6 /* Fetch-Data-And-Show-In-Table */,
				3C965D39206D672C009972E6 /* Products */,
				A4BB73F66838B726B922A8EF /* Pods */,
				0D3FAF120F0F4C4B6EE6D846 /* Frameworks */,
			);
			sourceTree = "<group>";
		};
		3C965D39206D672C009972E6 /* Products */ = {
			isa = PBXGroup;
			children = (
				3C965D38206D672C009972E6 /* Fetch-Data-And-Show-In-Table.app */,
			);
			name = Products;
			sourceTree = "<group>";
		};
		3C965D3A206D672C009972E6 /* Fetch-Data-And-Show-In-Table */ = {
			isa = PBXGroup;
			children = (
				3C965D60206D6B54009972E6 /* Helper */,
				3C965D5C206D6A3E009972E6 /* Model */,
				3C965D51206D682F009972E6 /* Controller */,
				3C965D3B206D672C009972E6 /* AppDelegate.h */,
				3C965D3C206D672C009972E6 /* AppDelegate.m */,
				3C965D44206D672C009972E6 /* Assets.xcassets */,
				3C965D46206D672C009972E6 /* LaunchScreen.storyboard */,
				3C965D49206D672C009972E6 /* Info.plist */,
				3C965D4A206D672C009972E6 /* main.m */,
				3C965D64206D6C04009972E6 /* Config.h */,
			);
			path = "Fetch-Data-And-Show-In-Table";
			sourceTree = "<group>";
		};
		3C965D51206D682F009972E6 /* Controller */ = {
			isa = PBXGroup;
			children = (
				3C965D57206D68C0009972E6 /* MainViewController.h */,
				3C965D58206D68C0009972E6 /* MainViewController.m */,
				3C965D59206D68C0009972E6 /* MainViewController.xib */,
			);
			path = Controller;
			sourceTree = "<group>";
		};
		3C965D5C206D6A3E009972E6 /* Model */ = {
			isa = PBXGroup;
			children = (
				3C965D5D206D6A83009972E6 /* Info.h */,
				3C965D5E206D6A83009972E6 /* Info.m */,
			);
			path = Model;
			sourceTree = "<group>";
		};
		3C965D60206D6B54009972E6 /* Helper */ = {
			isa = PBXGroup;
			children = (
				3C965D61206D6B84009972E6 /* FetchInfoHelper.h */,
				3C965D62206D6B84009972E6 /* FetchInfoHelper.m */,
			);
			path = Helper;
			sourceTree = "<group>";
		};
		A4BB73F66838B726B922A8EF /* Pods */ = {
			isa = PBXGroup;
			children = (
				763C318B3E092D0BD517D239 /* Pods-Fetch-Data-And-Show-In-Table.debug.xcconfig */,
				F275E32990B33A7FCF5B217D /* Pods-Fetch-Data-And-Show-In-Table.release.xcconfig */,
			);
			name = Pods;
			sourceTree = "<group>";
		};
/* End PBXGroup section */

/* Begin PBXNativeTarget section */
		3C965D37206D672B009972E6 /* Fetch-Data-And-Show-In-Table */ = {
			isa = PBXNativeTarget;
			buildConfigurationList = 3C965D4E206D672C009972E6 /* Build configuration list for PBXNativeTarget "Fetch-Data-And-Show-In-Table" */;
			buildPhases = (
				2ABE63BA707240D51C83EFE8 /* [CP] Check Pods Manifest.lock */,
				3C965D34206D672B009972E6 /* Sources */,
				3C965D35206D672B009972E6 /* Frameworks */,
				3C965D36206D672B009972E6 /* Resources */,
				0A61D9C31BB68117048AEE99 /* [CP] Embed Pods Frameworks */,
				DA558D564D851DA8C4B8D128 /* [CP] Copy Pods Resources */,
			);
			buildRules = (
			);
			dependencies = (
			);
			name = "Fetch-Data-And-Show-In-Table";
			productName = "Fetch-Data-And-Show-In-Table";
			productReference = 3C965D38206D672C009972E6 /* Fetch-Data-And-Show-In-Table.app */;
			productType = "com.apple.product-type.application";
		};
/* End PBXNativeTarget section */

/* Begin PBXProject section */
		3C965D30206D672B009972E6 /* Project object */ = {
			isa = PBXProject;
			attributes = {
				LastUpgradeCheck = 0920;
				ORGANIZATIONNAME = Tanjim.org;
				TargetAttributes = {
					3C965D37206D672B009972E6 = {
						CreatedOnToolsVersion = 9.2;
						ProvisioningStyle = Automatic;
					};
				};
			};
			buildConfigurationList = 3C965D33206D672B009972E6 /* Build configuration list for PBXProject "Fetch-Data-And-Show-In-Table" */;
			compatibilityVersion = "Xcode 8.0";
			developmentRegion = en;
			hasScannedForEncodings = 0;
			knownRegions = (
				en,
				Base,
			);
			mainGroup = 3C965D2F206D672B009972E6;
			productRefGroup = 3C965D39206D672C009972E6 /* Products */;
			projectDirPath = "";
			projectRoot = "";
			targets = (
				3C965D37206D672B009972E6 /* Fetch-Data-And-Show-In-Table */,
			);
		};
/* End PBXProject section */

/* Begin PBXResourcesBuildPhase section */
		3C965D36206D672B009972E6 /* Resources */ = {
			isa = PBXResourcesBuildPhase;
			buildActionMask = 2147483647;
			files = (
				3C965D48206D672C009972E6 /* LaunchScreen.storyboard in Resources */,
				3C965D5B206D68C0009972E6 /* MainViewController.xib in Resources */,
				3C965D45206D672C009972E6 /* Assets.xcassets in Resources */,
			);
			runOnlyForDeploymentPostprocessing = 0;
		};
/* End PBXResourcesBuildPhase section */

/* Begin PBXShellScriptBuildPhase section */
		0A61D9C31BB68117048AEE99 /* [CP] Embed Pods Frameworks */ = {
			isa = PBXShellScriptBuildPhase;
			buildActionMask = 2147483647;
			files = (
			);
			inputPaths = (
			);
			name = "[CP] Embed Pods Frameworks";
			outputPaths = (
			);
			runOnlyForDeploymentPostprocessing = 0;
			shellPath = /bin/sh;
			shellScript = "\"${SRCROOT}/Pods/Target Support Files/Pods-Fetch-Data-And-Show-In-Table/Pods-Fetch-Data-And-Show-In-Table-frameworks.sh\"\n";
			showEnvVarsInLog = 0;
		};
		2ABE63BA707240D51C83EFE8 /* [CP] Check Pods Manifest.lock */ = {
			isa = PBXShellScriptBuildPhase;
			buildActionMask = 2147483647;
			files = (
			);
			inputPaths = (
				"${PODS_PODFILE_DIR_PATH}/Podfile.lock",
				"${PODS_ROOT}/Manifest.lock",
			);
			name = "[CP] Check Pods Manifest.lock";
			outputPaths = (
				"$(DERIVED_FILE_DIR)/Pods-Fetch-Data-And-Show-In-Table-checkManifestLockResult.txt",
			);
			runOnlyForDeploymentPostprocessing = 0;
			shellPath = /bin/sh;
			shellScript = "diff \"${PODS_PODFILE_DIR_PATH}/Podfile.lock\" \"${PODS_ROOT}/Manifest.lock\" > /dev/null\nif [ $? != 0 ] ; then\n    # print error to STDERR\n    echo \"error: The sandbox is not in sync with the Podfile.lock. Run 'pod install' or update your CocoaPods installation.\" >&2\n    exit 1\nfi\n# This output is used by Xcode 'outputs' to avoid re-running this script phase.\necho \"SUCCESS\" > \"${SCRIPT_OUTPUT_FILE_0}\"\n";
			showEnvVarsInLog = 0;
		};
		DA558D564D851DA8C4B8D128 /* [CP] Copy Pods Resources */ = {
			isa = PBXShellScriptBuildPhase;
			buildActionMask = 2147483647;
			files = (
			);
			inputPaths = (
			);
			name = "[CP] Copy Pods Resources";
			outputPaths = (
			);
			runOnlyForDeploymentPostprocessing = 0;
			shellPath = /bin/sh;
			shellScript = "\"${SRCROOT}/Pods/Target Support Files/Pods-Fetch-Data-And-Show-In-Table/Pods-Fetch-Data-And-Show-In-Table-resources.sh\"\n";
			showEnvVarsInLog = 0;
		};
/* End PBXShellScriptBuildPhase section */

/* Begin PBXSourcesBuildPhase section */
		3C965D34206D672B009972E6 /* Sources */ = {
			isa = PBXSourcesBuildPhase;
			buildActionMask = 2147483647;
			files = (
				3C965D63206D6B84009972E6 /* FetchInfoHelper.m in Sources */,
				3C965D4B206D672C009972E6 /* main.m in Sources */,
				3C965D5F206D6A83009972E6 /* Info.m in Sources */,
				3C965D5A206D68C0009972E6 /* MainViewController.m in Sources */,
				3C965D3D206D672C009972E6 /* AppDelegate.m in Sources */,
			);
			runOnlyForDeploymentPostprocessing = 0;
		};
/* End PBXSourcesBuildPhase section */

/* Begin PBXVariantGroup section */
		3C965D46206D672C009972E6 /* LaunchScreen.storyboard */ = {
			isa = PBXVariantGroup;
			children = (
				3C965D47206D672C009972E6 /* Base */,
			);
			name = LaunchScreen.storyboard;
			sourceTree = "<group>";
		};
/* End PBXVariantGroup section */

/* Begin XCBuildConfiguration section */
		3C965D4C206D672C009972E6 /* Debug */ = {
			isa = XCBuildConfiguration;
			buildSettings = {
				ALWAYS_SEARCH_USER_PATHS = NO;
				CLANG_ANALYZER_NONNULL = YES;
				CLANG_ANALYZER_NUMBER_OBJECT_CONVERSION = YES_AGGRESSIVE;
				CLANG_CXX_LANGUAGE_STANDARD = "gnu++14";
				CLANG_CXX_LIBRARY = "libc++";
				CLANG_ENABLE_MODULES = YES;
				CLANG_ENABLE_OBJC_ARC = YES;
				CLANG_WARN_BLOCK_CAPTURE_AUTORELEASING = YES;
				CLANG_WARN_BOOL_CONVERSION = YES;
				CLANG_WARN_COMMA = YES;
				CLANG_WARN_CONSTANT_CONVERSION = YES;
				CLANG_WARN_DIRECT_OBJC_ISA_USAGE = YES_ERROR;
				CLANG_WARN_DOCUMENTATION_COMMENTS = YES;
				CLANG_WARN_EMPTY_BODY = YES;
				CLANG_WARN_ENUM_CONVERSION = YES;
				CLANG_WARN_INFINITE_RECURSION = YES;
				CLANG_WARN_INT_CONVERSION = YES;
				CLANG_WARN_NON_LITERAL_NULL_CONVERSION = YES;
				CLANG_WARN_OBJC_LITERAL_CONVERSION = YES;
				CLANG_WARN_OBJC_ROOT_CLASS = YES_ERROR;
				CLANG_WARN_RANGE_LOOP_ANALYSIS = YES;
				CLANG_WARN_STRICT_PROTOTYPES = YES;
				CLANG_WARN_SUSPICIOUS_MOVE = YES;
				CLANG_WARN_UNGUARDED_AVAILABILITY = YES_AGGRESSIVE;
				CLANG_WARN_UNREACHABLE_CODE = YES;
				CLANG_WARN__DUPLICATE_METHOD_MATCH = YES;
				CODE_SIGN_IDENTITY = "iPhone Developer";
				COPY_PHASE_STRIP = NO;
				DEBUG_INFORMATION_FORMAT = dwarf;
				ENABLE_STRICT_OBJC_MSGSEND = YES;
				ENABLE_TESTABILITY = YES;
				GCC_C_LANGUAGE_STANDARD = gnu11;
				GCC_DYNAMIC_NO_PIC = NO;
				GCC_NO_COMMON_BLOCKS = YES;
				GCC_OPTIMIZATION_LEVEL = 0;
				GCC_PREPROCESSOR_DEFINITIONS = (
					"DEBUG=1",
					"$(inherited)",
				);
				GCC_WARN_64_TO_32_BIT_CONVERSION = YES;
				GCC_WARN_ABOUT_RETURN_TYPE = YES_ERROR;
				GCC_WARN_UNDECLARED_SELECTOR = YES;
				GCC_WARN_UNINITIALIZED_AUTOS = YES_AGGRESSIVE;
				GCC_WARN_UNUSED_FUNCTION = YES;
				GCC_WARN_UNUSED_VARIABLE = YES;
				IPHONEOS_DEPLOYMENT_TARGET = 11.2;
				MTL_ENABLE_DEBUG_INFO = YES;
				ONLY_ACTIVE_ARCH = YES;
				SDKROOT = iphoneos;
			};
			name = Debug;
		};
		3C965D4D206D672C009972E6 /* Release */ = {
			isa = XCBuildConfiguration;
			buildSettings = {
				ALWAYS_SEARCH_USER_PATHS = NO;
				CLANG_ANALYZER_NONNULL = YES;
				CLANG_ANALYZER_NUMBER_OBJECT_CONVERSION = YES_AGGRESSIVE;
				CLANG_CXX_LANGUAGE_STANDARD = "gnu++14";
				CLANG_CXX_LIBRARY = "libc++";
				CLANG_ENABLE_MODULES = YES;
				CLANG_ENABLE_OBJC_ARC = YES;
				CLANG_WARN_BLOCK_CAPTURE_AUTORELEASING = YES;
				CLANG_WARN_BOOL_CONVERSION = YES;
				CLANG_WARN_COMMA = YES;
				CLANG_WARN_CONSTANT_CONVERSION = YES;
				CLANG_WARN_DIRECT_OBJC_ISA_USAGE = YES_ERROR;
				CLANG_WARN_DOCUMENTATION_COMMENTS = YES;
				CLANG_WARN_EMPTY_BODY = YES;
				CLANG_WARN_ENUM_CONVERSION = YES;
				CLANG_WARN_INFINITE_RECURSION = YES;
				CLANG_WARN_INT_CONVERSION = YES;
				CLANG_WARN_NON_LITERAL_NULL_CONVERSION = YES;
				CLANG_WARN_OBJC_LITERAL_CONVERSION = YES;
				CLANG_WARN_OBJC_ROOT_CLASS = YES_ERROR;
				CLANG_WARN_RANGE_LOOP_ANALYSIS = YES;
				CLANG_WARN_STRICT_PROTOTYPES = YES;
				CLANG_WARN_SUSPICIOUS_MOVE = YES;
				CLANG_WARN_UNGUARDED_AVAILABILITY = YES_AGGRESSIVE;
				CLANG_WARN_UNREACHABLE_CODE = YES;
				CLANG_WARN__DUPLICATE_METHOD_MATCH = YES;
				CODE_SIGN_IDENTITY = "iPhone Developer";
				COPY_PHASE_STRIP = NO;
				DEBUG_INFORMATION_FORMAT = "dwarf-with-dsym";
				ENABLE_NS_ASSERTIONS = NO;
				ENABLE_STRICT_OBJC_MSGSEND = YES;
				GCC_C_LANGUAGE_STANDARD = gnu11;
				GCC_NO_COMMON_BLOCKS = YES;
				GCC_WARN_64_TO_32_BIT_CONVERSION = YES;
				GCC_WARN_ABOUT_RETURN_TYPE = YES_ERROR;
				GCC_WARN_UNDECLARED_SELECTOR = YES;
				GCC_WARN_UNINITIALIZED_AUTOS = YES_AGGRESSIVE;
				GCC_WARN_UNUSED_FUNCTION = YES;
				GCC_WARN_UNUSED_VARIABLE = YES;
				IPHONEOS_DEPLOYMENT_TARGET = 11.2;
				MTL_ENABLE_DEBUG_INFO = NO;
				SDKROOT = iphoneos;
				VALIDATE_PRODUCT = YES;
			};
			name = Release;
		};
		3C965D4F206D672C009972E6 /* Debug */ = {
			isa = XCBuildConfiguration;
			baseConfigurationReference = 763C318B3E092D0BD517D239 /* Pods-Fetch-Data-And-Show-In-Table.debug.xcconfig */;
			buildSettings = {
				ASSETCATALOG_COMPILER_APPICON_NAME = AppIcon;
				CODE_SIGN_STYLE = Automatic;
				INFOPLIST_FILE = "Fetch-Data-And-Show-In-Table/Info.plist";
				IPHONEOS_DEPLOYMENT_TARGET = 9.0;
				LD_RUNPATH_SEARCH_PATHS = "$(inherited) @executable_path/Frameworks";
				PRODUCT_BUNDLE_IDENTIFIER = "com.tanjimhossainsifat.Fetch-Data-And-Show-In-Table";
				PRODUCT_NAME = "$(TARGET_NAME)";
				TARGETED_DEVICE_FAMILY = "1,2";
			};
			name = Debug;
		};
		3C965D50206D672C009972E6 /* Release */ = {
			isa = XCBuildConfiguration;
			baseConfigurationReference = F275E32990B33A7FCF5B217D /* Pods-Fetch-Data-And-Show-In-Table.release.xcconfig */;
			buildSettings = {
				ASSETCATALOG_COMPILER_APPICON_NAME = AppIcon;
				CODE_SIGN_STYLE = Automatic;
				INFOPLIST_FILE = "Fetch-Data-And-Show-In-Table/Info.plist";
				IPHONEOS_DEPLOYMENT_TARGET = 9.0;
				LD_RUNPATH_SEARCH_PATHS = "$(inherited) @executable_path/Frameworks";
				PRODUCT_BUNDLE_IDENTIFIER = "com.tanjimhossainsifat.Fetch-Data-And-Show-In-Table";
				PRODUCT_NAME = "$(TARGET_NAME)";
				TARGETED_DEVICE_FAMILY = "1,2";
			};
			name = Release;
		};
/* End XCBuildConfiguration section */

/* Begin XCConfigurationList section */
		3C965D33206D672B009972E6 /* Build configuration list for PBXProject "Fetch-Data-And-Show-In-Table" */ = {
			isa = XCConfigurationList;
			buildConfigurations = (
				3C965D4C206D672C009972E6 /* Debug */,
				3C965D4D206D672C009972E6 /* Release */,
			);
			defaultConfigurationIsVisible = 0;
			defaultConfigurationName = Release;
		};
		3C965D4E206D672C009972E6 /* Build configuration list for PBXNativeTarget "Fetch-Data-And-Show-In-Table" */ = {
			isa = XCConfigurationList;
			buildConfigurations = (
				3C965D4F206D672C009972E6 /* Debug */,
				3C965D50206D672C009972E6 /* Release */,
			);
			defaultConfigurationIsVisible = 0;
			defaultConfigurationName = Release;
		};
/* End XCConfigurationList section */
	};
	rootObject = 3C965D30206D672B009972E6 /* Project object */;
}
